
Microsoft Visual Studio Solution File, Format Version 12.00
# Visual Studio Version 16
VisualStudioVersion = 16.0.28803.452
MinimumVisualStudioVersion = 10.0.40219.1
Project("{FAE04EC0-301F-11D3-BF4B-00C04F79EFBC}") = "Users.Web", "Users.Web\Users.Web.csproj", "{70A46F80-C97D-456C-A3E4-A5CCEBC0BE9B}"
EndProject
Project("{FAE04EC0-301F-11D3-BF4B-00C04F79EFBC}") = "Users.Data", "Users.Data\Users.Data.csproj", "{D190B8D9-3B3B-4521-93B9-62F93B3D4765}"
EndProject
Project("{FAE04EC0-301F-11D3-BF4B-00C04F79EFBC}") = "Users.BusinessLogic", "Users.BusinessLogic\Users.BusinessLogic.csproj", "{9E5414DF-3106-48BC-AB0C-2DDDDFE53355}"
EndProject
Project("{FAE04EC0-301F-11D3-BF4B-00C04F79EFBC}") = "UserForm", "UserForm\UserForm.csproj", "{65E40F3C-EE65-4B57-8560-D5F06AD44136}"
EndProject
Global
	GlobalSection(SolutionConfigurationPlatforms) = preSolution
		Debug|Any CPU = Debug|Any CPU
		Release|Any CPU = Release|Any CPU
	EndGlobalSection
	GlobalSection(ProjectConfigurationPlatforms) = postSolution
		{70A46F80-C97D-456C-A3E4-A5CCEBC0BE9B}.Debug|Any CPU.ActiveCfg = Debug|Any CPU
		{70A46F80-C97D-456C-A3E4-A5CCEBC0BE9B}.Debug|Any CPU.Build.0 = Debug|Any CPU
		{70A46F80-C97D-456C-A3E4-A5CCEBC0BE9B}.Release|Any CPU.ActiveCfg = Release|Any CPU
		{70A46F80-C97D-456C-A3E4-A5CCEBC0BE9B}.Release|Any CPU.Build.0 = Release|Any CPU
		{D190B8D9-3B3B-4521-93B9-62F93B3D4765}.Debug|Any CPU.ActiveCfg = Debug|Any CPU
		{D190B8D9-3B3B-4521-93B9-62F93B3D4765}.Debug|Any CPU.Build.0 = Debug|Any CPU
		{D190B8D9-3B3B-4521-93B9-62F93B3D4765}.Release|Any CPU.ActiveCfg = Release|Any CPU
		{D190B8D9-3B3B-4521-93B9-62F93B3D4765}.Release|Any CPU.Build.0 = Release|Any CPU
		{9E5414DF-3106-48BC-AB0C-2DDDDFE53355}.Debug|Any CPU.ActiveCfg = Debug|Any CPU
		{9E5414DF-3106-48BC-AB0C-2DDDDFE53355}.Debug|Any CPU.Build.0 = Debug|Any CPU
		{9E5414DF-3106-48BC-AB0C-2DDDDFE53355}.Release|Any CPU.ActiveCfg = Release|Any CPU
		{9E5414DF-3106-48BC-AB0C-2DDDDFE53355}.Release|Any CPU.Build.0 = Release|Any CPU
		{65E40F3C-EE65-4B57-8560-D5F06AD44136}.Debug|Any CPU.ActiveCfg = Debug|Any CPU
		{65E40F3C-EE65-4B57-8560-D5F06AD44136}.Debug|Any CPU.Build.0 = Debug|Any CPU
		{65E40F3C-EE65-4B57-8560-D5F06AD44136}.Release|Any CPU.ActiveCfg = Release|Any CPU
		{65E40F3C-EE65-4B57-8560-D5F06AD44136}.Release|Any CPU.Build.0 = Release|Any CPU
	EndGlobalSection
	GlobalSection(SolutionProperties) = preSolution
		HideSolutionNode = FALSE
	EndGlobalSection
	GlobalSection(ExtensibilityGlobals) = postSolution
		SolutionGuid = {D31081C0-E379-4792-8E28-E0AF663178AA}
	EndGlobalSection
EndGlobal
